
Microsoft Visual Studio Solution File, Format Version 12.00
Project("{FAE04EC0-301F-11D3-BF4B-00C04F79EFBC}") = "ColinChang.QuartzHelper", "ColinChang.QuartzHelper\ColinChang.QuartzHelper.csproj", "{42B9A43F-97B9-4294-B18F-1EFD3715D184}"
EndProject
Project("{FAE04EC0-301F-11D3-BF4B-00C04F79EFBC}") = "ColinChang.QuartzHelper.Test", "ColinChang.QuartzHelper.Test\ColinChang.QuartzHelper.Test.csproj", "{6268227B-4E98-4605-98F4-655732CB605F}"
EndProject
Global
	GlobalSection(SolutionConfigurationPlatforms) = preSolution
		Debug|Any CPU = Debug|Any CPU
		Release|Any CPU = Release|Any CPU
	EndGlobalSection
	GlobalSection(ProjectConfigurationPlatforms) = postSolution
		{42B9A43F-97B9-4294-B18F-1EFD3715D184}.Debug|Any CPU.ActiveCfg = Debug|Any CPU
		{42B9A43F-97B9-4294-B18F-1EFD3715D184}.Debug|Any CPU.Build.0 = Debug|Any CPU
		{42B9A43F-97B9-4294-B18F-1EFD3715D184}.Release|Any CPU.ActiveCfg = Release|Any CPU
		{42B9A43F-97B9-4294-B18F-1EFD3715D184}.Release|Any CPU.Build.0 = Release|Any CPU
		{6268227B-4E98-4605-98F4-655732CB605F}.Debug|Any CPU.ActiveCfg = Debug|Any CPU
		{6268227B-4E98-4605-98F4-655732CB605F}.Debug|Any CPU.Build.0 = Debug|Any CPU
		{6268227B-4E98-4605-98F4-655732CB605F}.Release|Any CPU.ActiveCfg = Release|Any CPU
		{6268227B-4E98-4605-98F4-655732CB605F}.Release|Any CPU.Build.0 = Release|Any CPU
	EndGlobalSection
EndGlobal
